<?xml version="1.0" encoding="utf-8"?>
<Project ToolsVersion="4.0" xmlns="http://schemas.microsoft.com/developer/msbuild/2003">
  <ItemGroup>
    <Filter Include="Source Files">
      <UniqueIdentifier>{4FC737F1-C7A5-4376-A066-2A32D752A2FF}</UniqueIdentifier>
      <Extensions>cpp;c;cc;cxx;def;odl;idl;hpj;bat;asm;asmx</Extensions>
    </Filter>
    <Filter Include="Header Files">
      <UniqueIdentifier>{93995380-89BD-4b04-88EB-625FBE52EBFB}</UniqueIdentifier>
      <Extensions>h;hh;hpp;hxx;hm;inl;inc;xsd</Extensions>
    </Filter>
    <Filter Include="Resource Files">
      <UniqueIdentifier>{67DA6AB6-F800-4c08-8B7A-83BB121AAD01}</UniqueIdentifier>
      <Extensions>rc;ico;cur;bmp;dlg;rc2;rct;bin;rgs;gif;jpg;jpeg;jpe;resx;tiff;tif;png;wav;mfcribbon-ms</Extensions>
    </Filter>
    <Filter Include="Core">
      <UniqueIdentifier>{d486988e-be80-40e8-9b65-1900daba475a}</UniqueIdentifier>
    </Filter>
    <Filter Include="Managers">
      <UniqueIdentifier>{c8945ffa-fe82-4189-89e2-8a5abd190895}</UniqueIdentifier>
    </Filter>
    <Filter Include="Shaders">
      <UniqueIdentifier>{39c26df9-ae63-4694-9f3f-417724f47569}</UniqueIdentifier>
    </Filter>
    <Filter Include="Core\Init">
      <UniqueIdentifier>{1b251e6c-0f72-4c32-ac82-c98f509db39a}</UniqueIdentifier>
    </Filter>
    <Filter Include="Rendering">
      <UniqueIdentifier>{ea1a7a95-a4ad-4f4c-b417-dfc1a66bb016}</UniqueIdentifier>
    </Filter>
  </ItemGroup>
  <ItemGroup>
    <ClCompile Include="main.cpp">
      <Filter>Source Files</Filter>
    </ClCompile>
    <ClCompile Include="Shader_Manager.cpp">
      <Filter>Managers</Filter>
    </ClCompile>
    <ClCompile Include="InitGLUT.cpp">
      <Filter>Core\Init</Filter>
    </ClCompile>
    <ClCompile Include="Scene_Manager.cpp">
      <Filter>Managers</Filter>
    </ClCompile>
    <ClCompile Include="Model.cpp">
      <Filter>Rendering</Filter>
    </ClCompile>
    <ClCompile Include="Triangle.cpp">
      <Filter>Rendering</Filter>
    </ClCompile>
    <ClCompile Include="Models_Manager.cpp">
      <Filter>Managers</Filter>
    </ClCompile>
    <ClCompile Include="Quad.cpp">
      <Filter>Rendering</Filter>
    </ClCompile>
  </ItemGroup>
  <ItemGroup>
    <ClInclude Include="Shader_Manager.h">
      <Filter>Managers</Filter>
    </ClInclude>
    <ClInclude Include="WindowInfo.h">
      <Filter>Core\Init</Filter>
    </ClInclude>
    <ClInclude Include="FrameBufferInfo.h">
      <Filter>Core\Init</Filter>
    </ClInclude>
    <ClInclude Include="Init_GLEW.h">
      <Filter>Core\Init</Filter>
    </ClInclude>
    <ClInclude Include="InitGLUT.h">
      <Filter>Core\Init</Filter>
    </ClInclude>
    <ClInclude Include="ContextInfo.h">
      <Filter>Core\Init</Filter>
    </ClInclude>
    <ClInclude Include="IListener.h">
      <Filter>Core\Init</Filter>
    </ClInclude>
    <ClInclude Include="Scene_Manager.h">
      <Filter>Managers</Filter>
    </ClInclude>
    <ClInclude Include="VertexFormat.h">
      <Filter>Rendering</Filter>
    </ClInclude>
    <ClInclude Include="IGameObject.h">
      <Filter>Rendering</Filter>
    </ClInclude>
    <ClInclude Include="Model.h">
      <Filter>Rendering</Filter>
    </ClInclude>
    <ClInclude Include="Triangle.h">
      <Filter>Rendering</Filter>
    </ClInclude>
    <ClInclude Include="Models_Manager.h">
      <Filter>Managers</Filter>
    </ClInclude>
    <ClInclude Include="Quad.h">
      <Filter>Rendering</Filter>
    </ClInclude>
  </ItemGroup>
  <ItemGroup>
    <None Include="packages.config" />
    <None Include="Shaders\fragment.glsl">
      <Filter>Shaders</Filter>
    </None>
    <None Include="Shaders\vertex.glsl">
      <Filter>Shaders</Filter>
    </None>
  </ItemGroup>
</Project>